github.com/oarkflow/errors v0.0.6 h1:qTBzVblrX6bFbqYLfatsrZHMBPchOZiIE3pfVzh1+k8=
github.com/oarkflow/errors v0.0.6/go.mod h1:UETn0Q55PJ+YUbpR4QImIoBavd6QvJtyW/oeTT7ghZM=
github.com/oarkflow/log v1.0.83 h1:T/38wvjuNeVJ9PDo0wJDTnTUQZ5XeqlcvpbCItuFFJo=
github.com/oarkflow/log v1.0.83/go.mod h1:dMn57z9uq11Y264cx9c9Ac7ska9qM+EBhn4qf9CNlsM=
github.com/oarkflow/xid v1.2.5 h1:6RcNJm9+oZ/B647gkME9trCzhpxGQaSdNoD56Vmkeho=
github.com/oarkflow/xid v1.2.5/go.mod h1:jG4YBh+swbjlWApGWDBYnsJEa7hi3CCpmuqhB3RAxVo=
github.com/oarkflow/xsync v0.0.5 h1:7HBQjmDus4YFLQFC5D197TB4c2YJTVwsTFuqk5zWKBM=
github.com/oarkflow/xsync v0.0.5/go.mod h1:KAaEc506OEd3ISxfhgUBKxk8eQzkz+mb0JkpGGd/QwU=
golang.org/x/net v0.39.0 h1:ZCu7HMWDxpXpaiKdhzIfaltL9Lp31x/3fCP11bc6/fY=
golang.org/x/net v0.39.0/go.mod h1:X7NRbYVEA+ewNkCNyJ513WmMdQ3BineSwVtN2zD/d+E=
golang.org/x/text v0.24.0 h1:dd5Bzh4yt5KYA8f9CJHCP4FB4D51c2c6JvN37xJJkJ0=
golang.org/x/text v0.24.0/go.mod h1:L8rBsPeo2pSS+xqN0d5u2ikmjtmoJbDBT1b7nHvFCdU=
golang.org/x/time v0.11.0 h1:/bpjEDfN9tkoN/ryeYHnv5hcMlc8ncjMcM4XBk5NWV0=
golang.org/x/time v0.11.0/go.mod h1:CDIdPxbZBQxdj6cxyCIdrNogrJKMJ7pr37NYpMcMDSg=
